
Microsoft Visual Studio Solution File, Format Version 12.00
# Visual Studio Version 16
VisualStudioVersion = 16.0.31313.79
MinimumVisualStudioVersion = 10.0.40219.1
Project("{FAE04EC0-301F-11D3-BF4B-00C04F79EFBC}") = "StudentMgr", "StudentMgr\StudentMgr.csproj", "{CE4C3828-B72D-47AB-A7FF-CC42BDF20663}"
EndProject
Global
	GlobalSection(SolutionConfigurationPlatforms) = preSolution
		Debug|Any CPU = Debug|Any CPU
		Release|Any CPU = Release|Any CPU
	EndGlobalSection
	GlobalSection(ProjectConfigurationPlatforms) = postSolution
		{CE4C3828-B72D-47AB-A7FF-CC42BDF20663}.Debug|Any CPU.ActiveCfg = Debug|Any CPU
		{CE4C3828-B72D-47AB-A7FF-CC42BDF20663}.Debug|Any CPU.Build.0 = Debug|Any CPU
		{CE4C3828-B72D-47AB-A7FF-CC42BDF20663}.Release|Any CPU.ActiveCfg = Release|Any CPU
		{CE4C3828-B72D-47AB-A7FF-CC42BDF20663}.Release|Any CPU.Build.0 = Release|Any CPU
	EndGlobalSection
	GlobalSection(SolutionProperties) = preSolution
		HideSolutionNode = FALSE
	EndGlobalSection
	GlobalSection(ExtensibilityGlobals) = postSolution
		SolutionGuid = {EA4093C4-98FD-43FE-8A32-1A631D06D9C9}
	EndGlobalSection
EndGlobal
